<Solution>
  <Folder Name="/Solution Files/">
    <File Path=".editorconfig" />
    <File Path=".gitignore" />
    <File Path="Directory.Packages.props" />
    <File Path="LICENSE" />
    <File Path="README.md" />
  </Folder>
  <Project Path="bast/bast.csproj" />
  <Project Path="beio/beio.csproj" />
  <Project Path="BmsDerg/BmsDerg.csproj" />
  <Project Path="ChuTools.Tests/ChuTools.Tests.csproj" />
  <Project Path="jampacked/jampacked.csproj" />
  <Project Path="wsystool/wsystool.csproj" />
</Solution>
